
Microsoft Visual Studio Solution File, Format Version 12.00
# Visual Studio 15
VisualStudioVersion = 15.0.27130.2027
MinimumVisualStudioVersion = 10.0.40219.1
Project("{2150E333-8FDC-42A3-9474-1A3956D46DE8}") = "src", "src", "{964F3E20-6FD6-4389-B99B-2C07E68A4C7E}"
EndProject
Project("{FAE04EC0-301F-11D3-BF4B-00C04F79EFBC}") = "Angular5", "Angular5\Angular5\Angular5.csproj", "{09DE5831-EB5A-4B9F-892F-CD7E3A6FABA0}"
EndProject
Project("{FAE04EC0-301F-11D3-BF4B-00C04F79EFBC}") = "DAL", "Angular5\DAL\DAL.csproj", "{8EF744CF-98DF-4685-BA61-C84ADB4289A7}"
EndProject
Global
	GlobalSection(SolutionConfigurationPlatforms) = preSolution
		Debug|Any CPU = Debug|Any CPU
		Release|Any CPU = Release|Any CPU
	EndGlobalSection
	GlobalSection(ProjectConfigurationPlatforms) = postSolution
		{09DE5831-EB5A-4B9F-892F-CD7E3A6FABA0}.Debug|Any CPU.ActiveCfg = Debug|Any CPU
		{09DE5831-EB5A-4B9F-892F-CD7E3A6FABA0}.Debug|Any CPU.Build.0 = Debug|Any CPU
		{09DE5831-EB5A-4B9F-892F-CD7E3A6FABA0}.Release|Any CPU.ActiveCfg = Release|Any CPU
		{09DE5831-EB5A-4B9F-892F-CD7E3A6FABA0}.Release|Any CPU.Build.0 = Release|Any CPU
		{8EF744CF-98DF-4685-BA61-C84ADB4289A7}.Debug|Any CPU.ActiveCfg = Debug|Any CPU
		{8EF744CF-98DF-4685-BA61-C84ADB4289A7}.Debug|Any CPU.Build.0 = Debug|Any CPU
		{8EF744CF-98DF-4685-BA61-C84ADB4289A7}.Release|Any CPU.ActiveCfg = Release|Any CPU
		{8EF744CF-98DF-4685-BA61-C84ADB4289A7}.Release|Any CPU.Build.0 = Release|Any CPU
	EndGlobalSection
	GlobalSection(SolutionProperties) = preSolution
		HideSolutionNode = FALSE
	EndGlobalSection
	GlobalSection(NestedProjects) = preSolution
		{09DE5831-EB5A-4B9F-892F-CD7E3A6FABA0} = {964F3E20-6FD6-4389-B99B-2C07E68A4C7E}
		{8EF744CF-98DF-4685-BA61-C84ADB4289A7} = {964F3E20-6FD6-4389-B99B-2C07E68A4C7E}
	EndGlobalSection
	GlobalSection(ExtensibilityGlobals) = postSolution
		SolutionGuid = {8B77C79C-B95E-4562-B71F-CC8F769B8009}
	EndGlobalSection
EndGlobal
